
Microsoft Visual Studio Solution File, Format Version 12.00
# Visual Studio Version 16
VisualStudioVersion = 16.0.31829.152
MinimumVisualStudioVersion = 10.0.40219.1
Project("{FAE04EC0-301F-11D3-BF4B-00C04F79EFBC}") = "Task2.1", "Task2.1\Task2.1\Task2.1.csproj", "{589C5478-BBF7-4835-AF41-41AA6FC70A06}"
EndProject
Project("{FAE04EC0-301F-11D3-BF4B-00C04F79EFBC}") = "Task2.2", "Task2.2\Task2.2\Task2.2.csproj", "{9FD80A66-CC94-4F5F-9100-2F603EB092E1}"
EndProject
Project("{FAE04EC0-301F-11D3-BF4B-00C04F79EFBC}") = "Task2.3", "Task2.3\Task2.3\Task2.3.csproj", "{85249FAC-DC08-4A38-A041-006C4AD23912}"
EndProject
Global
	GlobalSection(SolutionConfigurationPlatforms) = preSolution
		Debug|Any CPU = Debug|Any CPU
		Release|Any CPU = Release|Any CPU
	EndGlobalSection
	GlobalSection(ProjectConfigurationPlatforms) = postSolution
		{589C5478-BBF7-4835-AF41-41AA6FC70A06}.Debug|Any CPU.ActiveCfg = Debug|Any CPU
		{589C5478-BBF7-4835-AF41-41AA6FC70A06}.Debug|Any CPU.Build.0 = Debug|Any CPU
		{589C5478-BBF7-4835-AF41-41AA6FC70A06}.Release|Any CPU.ActiveCfg = Release|Any CPU
		{589C5478-BBF7-4835-AF41-41AA6FC70A06}.Release|Any CPU.Build.0 = Release|Any CPU
		{9FD80A66-CC94-4F5F-9100-2F603EB092E1}.Debug|Any CPU.ActiveCfg = Debug|Any CPU
		{9FD80A66-CC94-4F5F-9100-2F603EB092E1}.Debug|Any CPU.Build.0 = Debug|Any CPU
		{9FD80A66-CC94-4F5F-9100-2F603EB092E1}.Release|Any CPU.ActiveCfg = Release|Any CPU
		{9FD80A66-CC94-4F5F-9100-2F603EB092E1}.Release|Any CPU.Build.0 = Release|Any CPU
		{85249FAC-DC08-4A38-A041-006C4AD23912}.Debug|Any CPU.ActiveCfg = Debug|Any CPU
		{85249FAC-DC08-4A38-A041-006C4AD23912}.Debug|Any CPU.Build.0 = Debug|Any CPU
		{85249FAC-DC08-4A38-A041-006C4AD23912}.Release|Any CPU.ActiveCfg = Release|Any CPU
		{85249FAC-DC08-4A38-A041-006C4AD23912}.Release|Any CPU.Build.0 = Release|Any CPU
	EndGlobalSection
	GlobalSection(SolutionProperties) = preSolution
		HideSolutionNode = FALSE
	EndGlobalSection
	GlobalSection(ExtensibilityGlobals) = postSolution
		SolutionGuid = {4B9EEDF0-C3B6-4784-8E9C-2AFAE1D5714D}
	EndGlobalSection
EndGlobal
